devDependencies:
  '@types/chrome': 0.0.134
  '@types/firefox-webext-browser': 82.0.0
lockfileVersion: 5.1
packages:
  /@types/chrome/0.0.134:
    dependencies:
      '@types/filesystem': 0.0.30
      '@types/har-format': 1.2.5
    dev: true
    resolution:
      integrity: sha512-NlYHk+a0Bq6kTvGT4s2w1G3UuDBeoZJYJL1wzmEIusBKYyDDtdl37kOz3Hzb/NEC2KNdnOBVoYLS2opQYsF1Vw==
  /@types/filesystem/0.0.30:
    dependencies:
      '@types/filewriter': 0.0.29
    dev: true
    resolution:
      integrity: sha512-NCoRgmGmLpTT9VFL6Bb6z0jQuqI3d0E5FGl7M0JOv/J5RQYo9s5aOItPYnpckx9MbYQk1APLXcF8f20Vqnf2yA==
  /@types/filewriter/0.0.29:
    dev: true
    resolution:
      integrity: sha512-BsPXH/irW0ht0Ji6iw/jJaK8Lj3FJemon2gvEqHKpCdDCeemHa+rI3WBGq5z7cDMZgoLjY40oninGxqk+8NzNQ==
  /@types/firefox-webext-browser/82.0.0:
    dev: true
    resolution:
      integrity: sha512-zKHePkjMx42KIUUZCPcUiyu1tpfQXH9VR4iDYfns3HvmKVJzt/TAFT+DFVroos8BI9RH78YgF3Hi/wlC6R6cKA==
  /@types/har-format/1.2.5:
    dev: true
    resolution:
      integrity: sha512-IG8AE1m2pWtPqQ7wXhFhy6Q59bwwnLwO36v5Rit2FrbXCIp8Sk8E2PfUCreyrdo17STwFSKDAkitVuVYbpEHvQ==
specifiers:
  '@types/chrome': ^0.0.134
  '@types/firefox-webext-browser': ^82.0.0
